
Microsoft Visual Studio Solution File, Format Version 12.00
# Visual Studio 15
VisualStudioVersion = 15.0.28307.705
MinimumVisualStudioVersion = 10.0.40219.1
Project("{FAE04EC0-301F-11D3-BF4B-00C04F79EFBC}") = "deneme", "deneme\deneme.csproj", "{35389DF5-6213-46E0-A07F-334BB9ABC6B2}"
EndProject
Global
	GlobalSection(SolutionConfigurationPlatforms) = preSolution
		Debug|Any CPU = Debug|Any CPU
		Release|Any CPU = Release|Any CPU
	EndGlobalSection
	GlobalSection(ProjectConfigurationPlatforms) = postSolution
		{35389DF5-6213-46E0-A07F-334BB9ABC6B2}.Debug|Any CPU.ActiveCfg = Debug|Any CPU
		{35389DF5-6213-46E0-A07F-334BB9ABC6B2}.Debug|Any CPU.Build.0 = Debug|Any CPU
		{35389DF5-6213-46E0-A07F-334BB9ABC6B2}.Release|Any CPU.ActiveCfg = Release|Any CPU
		{35389DF5-6213-46E0-A07F-334BB9ABC6B2}.Release|Any CPU.Build.0 = Release|Any CPU
	EndGlobalSection
	GlobalSection(SolutionProperties) = preSolution
		HideSolutionNode = FALSE
	EndGlobalSection
	GlobalSection(ExtensibilityGlobals) = postSolution
		SolutionGuid = {95747871-2203-48C3-BB19-AC1C1DEAF619}
	EndGlobalSection
EndGlobal
